// !$*UTF8*$!
{
	archiveVersion = 1;
	classes = {
	};
	objectVersion = 46;
	objects = {

/* Begin PBXBuildFile section */
		1E9B1F231B330D6B0030DC46 /* AppDelegate.swift in Sources */ = {isa = PBXBuildFile; fileRef = 1E9B1F221B330D6B0030DC46 /* AppDelegate.swift */; };
		1E9B1F261B330D6B0030DC46 /* _01ManagedObject_iOS_Swift.xcdatamodeld in Sources */ = {isa = PBXBuildFile; fileRef = 1E9B1F241B330D6B0030DC46 /* _01ManagedObject_iOS_Swift.xcdatamodeld */; };
		1E9B1F281B330D6B0030DC46 /* ViewController.swift in Sources */ = {isa = PBXBuildFile; fileRef = 1E9B1F271B330D6B0030DC46 /* ViewController.swift */; };
		1E9B1F2B1B330D6B0030DC46 /* Main.storyboard in Resources */ = {isa = PBXBuildFile; fileRef = 1E9B1F291B330D6B0030DC46 /* Main.storyboard */; };
		1E9B1F2D1B330D6B0030DC46 /* Images.xcassets in Resources */ = {isa = PBXBuildFile; fileRef = 1E9B1F2C1B330D6B0030DC46 /* Images.xcassets */; };
		1E9B1F301B330D6B0030DC46 /* LaunchScreen.xib in Resources */ = {isa = PBXBuildFile; fileRef = 1E9B1F2E1B330D6B0030DC46 /* LaunchScreen.xib */; };
		1E9B1F3C1B330D6B0030DC46 /* _01ManagedObject_iOS_SwiftTests.swift in Sources */ = {isa = PBXBuildFile; fileRef = 1E9B1F3B1B330D6B0030DC46 /* _01ManagedObject_iOS_SwiftTests.swift */; };
/* End PBXBuildFile section */

/* Begin PBXContainerItemProxy section */
		1E9B1F361B330D6B0030DC46 /* PBXContainerItemProxy */ = {
			isa = PBXContainerItemProxy;
			containerPortal = 1E9B1F151B330D6B0030DC46 /* Project object */;
			proxyType = 1;
			remoteGlobalIDString = 1E9B1F1C1B330D6B0030DC46;
			remoteInfo = 001ManagedObject_iOS_Swift;
		};
/* End PBXContainerItemProxy section */

/* Begin PBXFileReference section */
		1E9B1F1D1B330D6B0030DC46 /* 001ManagedObject_iOS_Swift.app */ = {isa = PBXFileReference; explicitFileType = wrapper.application; includeInIndex = 0; path = 001ManagedObject_iOS_Swift.app; sourceTree = BUILT_PRODUCTS_DIR; };
		1E9B1F211B330D6B0030DC46 /* Info.plist */ = {isa = PBXFileReference; lastKnownFileType = text.plist.xml; path = Info.plist; sourceTree = "<group>"; };
		1E9B1F221B330D6B0030DC46 /* AppDelegate.swift */ = {isa = PBXFileReference; lastKnownFileType = sourcecode.swift; path = AppDelegate.swift; sourceTree = "<group>"; };
		1E9B1F251B330D6B0030DC46 /* _01ManagedObject_iOS_Swift.xcdatamodel */ = {isa = PBXFileReference; lastKnownFileType = wrapper.xcdatamodel; path = _01ManagedObject_iOS_Swift.xcdatamodel; sourceTree = "<group>"; };
		1E9B1F271B330D6B0030DC46 /* ViewController.swift */ = {isa = PBXFileReference; lastKnownFileType = sourcecode.swift; path = ViewController.swift; sourceTree = "<group>"; };
		1E9B1F2A1B330D6B0030DC46 /* Base */ = {isa = PBXFileReference; lastKnownFileType = file.storyboard; name = Base; path = Base.lproj/Main.storyboard; sourceTree = "<group>"; };
		1E9B1F2C1B330D6B0030DC46 /* Images.xcassets */ = {isa = PBXFileReference; lastKnownFileType = folder.assetcatalog; path = Images.xcassets; sourceTree = "<group>"; };
		1E9B1F2F1B330D6B0030DC46 /* Base */ = {isa = PBXFileReference; lastKnownFileType = file.xib; name = Base; path = Base.lproj/LaunchScreen.xib; sourceTree = "<group>"; };
		1E9B1F351B330D6B0030DC46 /* 001ManagedObject_iOS_SwiftTests.xctest */ = {isa = PBXFileReference; explicitFileType = wrapper.cfbundle; includeInIndex = 0; path = 001ManagedObject_iOS_SwiftTests.xctest; sourceTree = BUILT_PRODUCTS_DIR; };
		1E9B1F3A1B330D6B0030DC46 /* Info.plist */ = {isa = PBXFileReference; lastKnownFileType = text.plist.xml; path = Info.plist; sourceTree = "<group>"; };
		1E9B1F3B1B330D6B0030DC46 /* _01ManagedObject_iOS_SwiftTests.swift */ = {isa = PBXFileReference; lastKnownFileType = sourcecode.swift; path = _01ManagedObject_iOS_SwiftTests.swift; sourceTree = "<group>"; };
/* End PBXFileReference section */

/* Begin PBXFrameworksBuildPhase section */
		1E9B1F1A1B330D6B0030DC46 /* Frameworks */ = {
			isa = PBXFrameworksBuildPhase;
			buildActionMask = 2147483647;
			files = (
			);
			runOnlyForDeploymentPostprocessing = 0;
		};
		1E9B1F321B330D6B0030DC46 /* Frameworks */ = {
			isa = PBXFrameworksBuildPhase;
			buildActionMask = 2147483647;
			files = (
			);
			runOnlyForDeploymentPostprocessing = 0;
		};
/* End PBXFrameworksBuildPhase section */

/* Begin PBXGroup section */
		1E9B1F141B330D6B0030DC46 = {
			isa = PBXGroup;
			children = (
				1E9B1F1F1B330D6B0030DC46 /* 001ManagedObject_iOS_Swift */,
				1E9B1F381B330D6B0030DC46 /* 001ManagedObject_iOS_SwiftTests */,
				1E9B1F1E1B330D6B0030DC46 /* Products */,
			);
			sourceTree = "<group>";
		};
		1E9B1F1E1B330D6B0030DC46 /* Products */ = {
			isa = PBXGroup;
			children = (
				1E9B1F1D1B330D6B0030DC46 /* 001ManagedObject_iOS_Swift.app */,
				1E9B1F351B330D6B0030DC46 /* 001ManagedObject_iOS_SwiftTests.xctest */,
			);
			name = Products;
			sourceTree = "<group>";
		};
		1E9B1F1F1B330D6B0030DC46 /* 001ManagedObject_iOS_Swift */ = {
			isa = PBXGroup;
			children = (
				1E9B1F221B330D6B0030DC46 /* AppDelegate.swift */,
				1E9B1F271B330D6B0030DC46 /* ViewController.swift */,
				1E9B1F291B330D6B0030DC46 /* Main.storyboard */,
				1E9B1F2C1B330D6B0030DC46 /* Images.xcassets */,
				1E9B1F2E1B330D6B0030DC46 /* LaunchScreen.xib */,
				1E9B1F241B330D6B0030DC46 /* _01ManagedObject_iOS_Swift.xcdatamodeld */,
				1E9B1F201B330D6B0030DC46 /* Supporting Files */,
			);
			path = 001ManagedObject_iOS_Swift;
			sourceTree = "<group>";
		};
		1E9B1F201B330D6B0030DC46 /* Supporting Files */ = {
			isa = PBXGroup;
			children = (
				1E9B1F211B330D6B0030DC46 /* Info.plist */,
			);
			name = "Supporting Files";
			sourceTree = "<group>";
		};
		1E9B1F381B330D6B0030DC46 /* 001ManagedObject_iOS_SwiftTests */ = {
			isa = PBXGroup;
			children = (
				1E9B1F3B1B330D6B0030DC46 /* _01ManagedObject_iOS_SwiftTests.swift */,
				1E9B1F391B330D6B0030DC46 /* Supporting Files */,
			);
			path = 001ManagedObject_iOS_SwiftTests;
			sourceTree = "<group>";
		};
		1E9B1F391B330D6B0030DC46 /* Supporting Files */ = {
			isa = PBXGroup;
			children = (
				1E9B1F3A1B330D6B0030DC46 /* Info.plist */,
			);
			name = "Supporting Files";
			sourceTree = "<group>";
		};
/* End PBXGroup section */

/* Begin PBXNativeTarget section */
		1E9B1F1C1B330D6B0030DC46 /* 001ManagedObject_iOS_Swift */ = {
			isa = PBXNativeTarget;
			buildConfigurationList = 1E9B1F3F1B330D6B0030DC46 /* Build configuration list for PBXNativeTarget "001ManagedObject_iOS_Swift" */;
			buildPhases = (
				1E9B1F191B330D6B0030DC46 /* Sources */,
				1E9B1F1A1B330D6B0030DC46 /* Frameworks */,
				1E9B1F1B1B330D6B0030DC46 /* Resources */,
			);
			buildRules = (
			);
			dependencies = (
			);
			name = 001ManagedObject_iOS_Swift;
			productName = 001ManagedObject_iOS_Swift;
			productReference = 1E9B1F1D1B330D6B0030DC46 /* 001ManagedObject_iOS_Swift.app */;
			productType = "com.apple.product-type.application";
		};
		1E9B1F341B330D6B0030DC46 /* 001ManagedObject_iOS_SwiftTests */ = {
			isa = PBXNativeTarget;
			buildConfigurationList = 1E9B1F421B330D6B0030DC46 /* Build configuration list for PBXNativeTarget "001ManagedObject_iOS_SwiftTests" */;
			buildPhases = (
				1E9B1F311B330D6B0030DC46 /* Sources */,
				1E9B1F321B330D6B0030DC46 /* Frameworks */,
				1E9B1F331B330D6B0030DC46 /* Resources */,
			);
			buildRules = (
			);
			dependencies = (
				1E9B1F371B330D6B0030DC46 /* PBXTargetDependency */,
			);
			name = 001ManagedObject_iOS_SwiftTests;
			productName = 001ManagedObject_iOS_SwiftTests;
			productReference = 1E9B1F351B330D6B0030DC46 /* 001ManagedObject_iOS_SwiftTests.xctest */;
			productType = "com.apple.product-type.bundle.unit-test";
		};
/* End PBXNativeTarget section */

/* Begin PBXProject section */
		1E9B1F151B330D6B0030DC46 /* Project object */ = {
			isa = PBXProject;
			attributes = {
				LastUpgradeCheck = 0630;
				ORGANIZATIONNAME = Apps4s;
				TargetAttributes = {
					1E9B1F1C1B330D6B0030DC46 = {
						CreatedOnToolsVersion = 6.3.2;
					};
					1E9B1F341B330D6B0030DC46 = {
						CreatedOnToolsVersion = 6.3.2;
						TestTargetID = 1E9B1F1C1B330D6B0030DC46;
					};
				};
			};
			buildConfigurationList = 1E9B1F181B330D6B0030DC46 /* Build configuration list for PBXProject "001ManagedObject_iOS_Swift" */;
			compatibilityVersion = "Xcode 3.2";
			developmentRegion = English;
			hasScannedForEncodings = 0;
			knownRegions = (
				en,
				Base,
			);
			mainGroup = 1E9B1F141B330D6B0030DC46;
			productRefGroup = 1E9B1F1E1B330D6B0030DC46 /* Products */;
			projectDirPath = "";
			projectRoot = "";
			targets = (
				1E9B1F1C1B330D6B0030DC46 /* 001ManagedObject_iOS_Swift */,
				1E9B1F341B330D6B0030DC46 /* 001ManagedObject_iOS_SwiftTests */,
			);
		};
/* End PBXProject section */

/* Begin PBXResourcesBuildPhase section */
		1E9B1F1B1B330D6B0030DC46 /* Resources */ = {
			isa = PBXResourcesBuildPhase;
			buildActionMask = 2147483647;
			files = (
				1E9B1F2B1B330D6B0030DC46 /* Main.storyboard in Resources */,
				1E9B1F301B330D6B0030DC46 /* LaunchScreen.xib in Resources */,
				1E9B1F2D1B330D6B0030DC46 /* Images.xcassets in Resources */,
			);
			runOnlyForDeploymentPostprocessing = 0;
		};
		1E9B1F331B330D6B0030DC46 /* Resources */ = {
			isa = PBXResourcesBuildPhase;
			buildActionMask = 2147483647;
			files = (
			);
			runOnlyForDeploymentPostprocessing = 0;
		};
/* End PBXResourcesBuildPhase section */

/* Begin PBXSourcesBuildPhase section */
		1E9B1F191B330D6B0030DC46 /* Sources */ = {
			isa = PBXSourcesBuildPhase;
			buildActionMask = 2147483647;
			files = (
				1E9B1F281B330D6B0030DC46 /* ViewController.swift in Sources */,
				1E9B1F231B330D6B0030DC46 /* AppDelegate.swift in Sources */,
				1E9B1F261B330D6B0030DC46 /* _01ManagedObject_iOS_Swift.xcdatamodeld in Sources */,
			);
			runOnlyForDeploymentPostprocessing = 0;
		};
		1E9B1F311B330D6B0030DC46 /* Sources */ = {
			isa = PBXSourcesBuildPhase;
			buildActionMask = 2147483647;
			files = (
				1E9B1F3C1B330D6B0030DC46 /* _01ManagedObject_iOS_SwiftTests.swift in Sources */,
			);
			runOnlyForDeploymentPostprocessing = 0;
		};
/* End PBXSourcesBuildPhase section */

/* Begin PBXTargetDependency section */
		1E9B1F371B330D6B0030DC46 /* PBXTargetDependency */ = {
			isa = PBXTargetDependency;
			target = 1E9B1F1C1B330D6B0030DC46 /* 001ManagedObject_iOS_Swift */;
			targetProxy = 1E9B1F361B330D6B0030DC46 /* PBXContainerItemProxy */;
		};
/* End PBXTargetDependency section */

/* Begin PBXVariantGroup section */
		1E9B1F291B330D6B0030DC46 /* Main.storyboard */ = {
			isa = PBXVariantGroup;
			children = (
				1E9B1F2A1B330D6B0030DC46 /* Base */,
			);
			name = Main.storyboard;
			sourceTree = "<group>";
		};
		1E9B1F2E1B330D6B0030DC46 /* LaunchScreen.xib */ = {
			isa = PBXVariantGroup;
			children = (
				1E9B1F2F1B330D6B0030DC46 /* Base */,
			);
			name = LaunchScreen.xib;
			sourceTree = "<group>";
		};
/* End PBXVariantGroup section */

/* Begin XCBuildConfiguration section */
		1E9B1F3D1B330D6B0030DC46 /* Debug */ = {
			isa = XCBuildConfiguration;
			buildSettings = {
				ALWAYS_SEARCH_USER_PATHS = NO;
				CLANG_CXX_LANGUAGE_STANDARD = "gnu++0x";
				CLANG_CXX_LIBRARY = "libc++";
				CLANG_ENABLE_MODULES = YES;
				CLANG_ENABLE_OBJC_ARC = YES;
				CLANG_WARN_BOOL_CONVERSION = YES;
				CLANG_WARN_CONSTANT_CONVERSION = YES;
				CLANG_WARN_DIRECT_OBJC_ISA_USAGE = YES_ERROR;
				CLANG_WARN_EMPTY_BODY = YES;
				CLANG_WARN_ENUM_CONVERSION = YES;
				CLANG_WARN_INT_CONVERSION = YES;
				CLANG_WARN_OBJC_ROOT_CLASS = YES_ERROR;
				CLANG_WARN_UNREACHABLE_CODE = YES;
				CLANG_WARN__DUPLICATE_METHOD_MATCH = YES;
				"CODE_SIGN_IDENTITY[sdk=iphoneos*]" = "iPhone Developer";
				COPY_PHASE_STRIP = NO;
				DEBUG_INFORMATION_FORMAT = "dwarf-with-dsym";
				ENABLE_STRICT_OBJC_MSGSEND = YES;
				GCC_C_LANGUAGE_STANDARD = gnu99;
				GCC_DYNAMIC_NO_PIC = NO;
				GCC_NO_COMMON_BLOCKS = YES;
				GCC_OPTIMIZATION_LEVEL = 0;
				GCC_PREPROCESSOR_DEFINITIONS = (
					"DEBUG=1",
					"$(inherited)",
				);
				GCC_SYMBOLS_PRIVATE_EXTERN = NO;
				GCC_WARN_64_TO_32_BIT_CONVERSION = YES;
				GCC_WARN_ABOUT_RETURN_TYPE = YES_ERROR;
				GCC_WARN_UNDECLARED_SELECTOR = YES;
				GCC_WARN_UNINITIALIZED_AUTOS = YES_AGGRESSIVE;
				GCC_WARN_UNUSED_FUNCTION = YES;
				GCC_WARN_UNUSED_VARIABLE = YES;
				IPHONEOS_DEPLOYMENT_TARGET = 8.3;
				MTL_ENABLE_DEBUG_INFO = YES;
				ONLY_ACTIVE_ARCH = YES;
				SDKROOT = iphoneos;
				SWIFT_OPTIMIZATION_LEVEL = "-Onone";
			};
			name = Debug;
		};
		1E9B1F3E1B330D6B0030DC46 /* Release */ = {
			isa = XCBuildConfiguration;
			buildSettings = {
				ALWAYS_SEARCH_USER_PATHS = NO;
				CLANG_CXX_LANGUAGE_STANDARD = "gnu++0x";
				CLANG_CXX_LIBRARY = "libc++";
				CLANG_ENABLE_MODULES = YES;
				CLANG_ENABLE_OBJC_ARC = YES;
				CLANG_WARN_BOOL_CONVERSION = YES;
				CLANG_WARN_CONSTANT_CONVERSION = YES;
				CLANG_WARN_DIRECT_OBJC_ISA_USAGE = YES_ERROR;
				CLANG_WARN_EMPTY_BODY = YES;
				CLANG_WARN_ENUM_CONVERSION = YES;
				CLANG_WARN_INT_CONVERSION = YES;
				CLANG_WARN_OBJC_ROOT_CLASS = YES_ERROR;
				CLANG_WARN_UNREACHABLE_CODE = YES;
				CLANG_WARN__DUPLICATE_METHOD_MATCH = YES;
				"CODE_SIGN_IDENTITY[sdk=iphoneos*]" = "iPhone Developer";
				COPY_PHASE_STRIP = NO;
				DEBUG_INFORMATION_FORMAT = "dwarf-with-dsym";
				ENABLE_NS_ASSERTIONS = NO;
				ENABLE_STRICT_OBJC_MSGSEND = YES;
				GCC_C_LANGUAGE_STANDARD = gnu99;
				GCC_NO_COMMON_BLOCKS = YES;
				GCC_WARN_64_TO_32_BIT_CONVERSION = YES;
				GCC_WARN_ABOUT_RETURN_TYPE = YES_ERROR;
				GCC_WARN_UNDECLARED_SELECTOR = YES;
				GCC_WARN_UNINITIALIZED_AUTOS = YES_AGGRESSIVE;
				GCC_WARN_UNUSED_FUNCTION = YES;
				GCC_WARN_UNUSED_VARIABLE = YES;
				IPHONEOS_DEPLOYMENT_TARGET = 8.3;
				MTL_ENABLE_DEBUG_INFO = NO;
				SDKROOT = iphoneos;
				VALIDATE_PRODUCT = YES;
			};
			name = Release;
		};
		1E9B1F401B330D6B0030DC46 /* Debug */ = {
			isa = XCBuildConfiguration;
			buildSettings = {
				ASSETCATALOG_COMPILER_APPICON_NAME = AppIcon;
				INFOPLIST_FILE = 001ManagedObject_iOS_Swift/Info.plist;
				LD_RUNPATH_SEARCH_PATHS = "$(inherited) @executable_path/Frameworks";
				PRODUCT_NAME = "$(TARGET_NAME)";
			};
			name = Debug;
		};
		1E9B1F411B330D6B0030DC46 /* Release */ = {
			isa = XCBuildConfiguration;
			buildSettings = {
				ASSETCATALOG_COMPILER_APPICON_NAME = AppIcon;
				INFOPLIST_FILE = 001ManagedObject_iOS_Swift/Info.plist;
				LD_RUNPATH_SEARCH_PATHS = "$(inherited) @executable_path/Frameworks";
				PRODUCT_NAME = "$(TARGET_NAME)";
			};
			name = Release;
		};
		1E9B1F431B330D6B0030DC46 /* Debug */ = {
			isa = XCBuildConfiguration;
			buildSettings = {
				BUNDLE_LOADER = "$(TEST_HOST)";
				FRAMEWORK_SEARCH_PATHS = (
					"$(SDKROOT)/Developer/Library/Frameworks",
					"$(inherited)",
				);
				GCC_PREPROCESSOR_DEFINITIONS = (
					"DEBUG=1",
					"$(inherited)",
				);
				INFOPLIST_FILE = 001ManagedObject_iOS_SwiftTests/Info.plist;
				LD_RUNPATH_SEARCH_PATHS = "$(inherited) @executable_path/Frameworks @loader_path/Frameworks";
				PRODUCT_NAME = "$(TARGET_NAME)";
				TEST_HOST = "$(BUILT_PRODUCTS_DIR)/001ManagedObject_iOS_Swift.app/001ManagedObject_iOS_Swift";
			};
			name = Debug;
		};
		1E9B1F441B330D6B0030DC46 /* Release */ = {
			isa = XCBuildConfiguration;
			buildSettings = {
				BUNDLE_LOADER = "$(TEST_HOST)";
				FRAMEWORK_SEARCH_PATHS = (
					"$(SDKROOT)/Developer/Library/Frameworks",
					"$(inherited)",
				);
				INFOPLIST_FILE = 001ManagedObject_iOS_SwiftTests/Info.plist;
				LD_RUNPATH_SEARCH_PATHS = "$(inherited) @executable_path/Frameworks @loader_path/Frameworks";
				PRODUCT_NAME = "$(TARGET_NAME)";
				TEST_HOST = "$(BUILT_PRODUCTS_DIR)/001ManagedObject_iOS_Swift.app/001ManagedObject_iOS_Swift";
			};
			name = Release;
		};
/* End XCBuildConfiguration section */

/* Begin XCConfigurationList section */
		1E9B1F181B330D6B0030DC46 /* Build configuration list for PBXProject "001ManagedObject_iOS_Swift" */ = {
			isa = XCConfigurationList;
			buildConfigurations = (
				1E9B1F3D1B330D6B0030DC46 /* Debug */,
				1E9B1F3E1B330D6B0030DC46 /* Release */,
			);
			defaultConfigurationIsVisible = 0;
			defaultConfigurationName = Release;
		};
		1E9B1F3F1B330D6B0030DC46 /* Build configuration list for PBXNativeTarget "001ManagedObject_iOS_Swift" */ = {
			isa = XCConfigurationList;
			buildConfigurations = (
				1E9B1F401B330D6B0030DC46 /* Debug */,
				1E9B1F411B330D6B0030DC46 /* Release */,
			);
			defaultConfigurationIsVisible = 0;
		};
		1E9B1F421B330D6B0030DC46 /* Build configuration list for PBXNativeTarget "001ManagedObject_iOS_SwiftTests" */ = {
			isa = XCConfigurationList;
			buildConfigurations = (
				1E9B1F431B330D6B0030DC46 /* Debug */,
				1E9B1F441B330D6B0030DC46 /* Release */,
			);
			defaultConfigurationIsVisible = 0;
		};
/* End XCConfigurationList section */

/* Begin XCVersionGroup section */
		1E9B1F241B330D6B0030DC46 /* _01ManagedObject_iOS_Swift.xcdatamodeld */ = {
			isa = XCVersionGroup;
			children = (
				1E9B1F251B330D6B0030DC46 /* _01ManagedObject_iOS_Swift.xcdatamodel */,
			);
			currentVersion = 1E9B1F251B330D6B0030DC46 /* _01ManagedObject_iOS_Swift.xcdatamodel */;
			path = _01ManagedObject_iOS_Swift.xcdatamodeld;
			sourceTree = "<group>";
			versionGroupType = wrapper.xcdatamodel;
		};
/* End XCVersionGroup section */
	};
	rootObject = 1E9B1F151B330D6B0030DC46 /* Project object */;
}
