// !$*UTF8*$!
{
	archiveVersion = 1;
	classes = {
	};
	objectVersion = 46;
	objects = {

/* Begin PBXBuildFile section */
		1E95B3AB1B34A20E0001E69E /* AppDelegate.m in Sources */ = {isa = PBXBuildFile; fileRef = 1E95B3AA1B34A20E0001E69E /* AppDelegate.m */; };
		1E95B3AD1B34A20E0001E69E /* main.m in Sources */ = {isa = PBXBuildFile; fileRef = 1E95B3AC1B34A20E0001E69E /* main.m */; };
		1E95B3B01B34A20E0001E69E /* ViewController.m in Sources */ = {isa = PBXBuildFile; fileRef = 1E95B3AF1B34A20E0001E69E /* ViewController.m */; };
		1E95B3B31B34A20E0001E69E /* _03CreatedAndUsedFetchRequest_OSX_ObjC.xcdatamodeld in Sources */ = {isa = PBXBuildFile; fileRef = 1E95B3B11B34A20E0001E69E /* _03CreatedAndUsedFetchRequest_OSX_ObjC.xcdatamodeld */; };
		1E95B3B51B34A20E0001E69E /* Images.xcassets in Resources */ = {isa = PBXBuildFile; fileRef = 1E95B3B41B34A20E0001E69E /* Images.xcassets */; };
		1E95B3B81B34A20E0001E69E /* Main.storyboard in Resources */ = {isa = PBXBuildFile; fileRef = 1E95B3B61B34A20E0001E69E /* Main.storyboard */; };
		1E95B3C41B34A20F0001E69E /* _03CreatedAndUsedFetchRequest_OSX_ObjCTests.m in Sources */ = {isa = PBXBuildFile; fileRef = 1E95B3C31B34A20F0001E69E /* _03CreatedAndUsedFetchRequest_OSX_ObjCTests.m */; };
		1E95B3D21B34A3D90001E69E /* Course.m in Sources */ = {isa = PBXBuildFile; fileRef = 1E95B3D11B34A3D90001E69E /* Course.m */; };
/* End PBXBuildFile section */

/* Begin PBXContainerItemProxy section */
		1E95B3BE1B34A20F0001E69E /* PBXContainerItemProxy */ = {
			isa = PBXContainerItemProxy;
			containerPortal = 1E95B39C1B34A20E0001E69E /* Project object */;
			proxyType = 1;
			remoteGlobalIDString = 1E95B3A31B34A20E0001E69E;
			remoteInfo = 003CreatedAndUsedFetchRequest_OSX_ObjC;
		};
/* End PBXContainerItemProxy section */

/* Begin PBXFileReference section */
		1E95B3A41B34A20E0001E69E /* 003CreatedAndUsedFetchRequest_OSX_ObjC.app */ = {isa = PBXFileReference; explicitFileType = wrapper.application; includeInIndex = 0; path = 003CreatedAndUsedFetchRequest_OSX_ObjC.app; sourceTree = BUILT_PRODUCTS_DIR; };
		1E95B3A81B34A20E0001E69E /* Info.plist */ = {isa = PBXFileReference; lastKnownFileType = text.plist.xml; path = Info.plist; sourceTree = "<group>"; };
		1E95B3A91B34A20E0001E69E /* AppDelegate.h */ = {isa = PBXFileReference; lastKnownFileType = sourcecode.c.h; path = AppDelegate.h; sourceTree = "<group>"; };
		1E95B3AA1B34A20E0001E69E /* AppDelegate.m */ = {isa = PBXFileReference; lastKnownFileType = sourcecode.c.objc; path = AppDelegate.m; sourceTree = "<group>"; };
		1E95B3AC1B34A20E0001E69E /* main.m */ = {isa = PBXFileReference; lastKnownFileType = sourcecode.c.objc; path = main.m; sourceTree = "<group>"; };
		1E95B3AE1B34A20E0001E69E /* ViewController.h */ = {isa = PBXFileReference; lastKnownFileType = sourcecode.c.h; path = ViewController.h; sourceTree = "<group>"; };
		1E95B3AF1B34A20E0001E69E /* ViewController.m */ = {isa = PBXFileReference; lastKnownFileType = sourcecode.c.objc; path = ViewController.m; sourceTree = "<group>"; };
		1E95B3B21B34A20E0001E69E /* _03CreatedAndUsedFetchRequest_OSX_ObjC.xcdatamodel */ = {isa = PBXFileReference; lastKnownFileType = wrapper.xcdatamodel; path = _03CreatedAndUsedFetchRequest_OSX_ObjC.xcdatamodel; sourceTree = "<group>"; };
		1E95B3B41B34A20E0001E69E /* Images.xcassets */ = {isa = PBXFileReference; lastKnownFileType = folder.assetcatalog; path = Images.xcassets; sourceTree = "<group>"; };
		1E95B3B71B34A20E0001E69E /* Base */ = {isa = PBXFileReference; lastKnownFileType = file.storyboard; name = Base; path = Base.lproj/Main.storyboard; sourceTree = "<group>"; };
		1E95B3BD1B34A20F0001E69E /* 003CreatedAndUsedFetchRequest_OSX_ObjCTests.xctest */ = {isa = PBXFileReference; explicitFileType = wrapper.cfbundle; includeInIndex = 0; path = 003CreatedAndUsedFetchRequest_OSX_ObjCTests.xctest; sourceTree = BUILT_PRODUCTS_DIR; };
		1E95B3C21B34A20F0001E69E /* Info.plist */ = {isa = PBXFileReference; lastKnownFileType = text.plist.xml; path = Info.plist; sourceTree = "<group>"; };
		1E95B3C31B34A20F0001E69E /* _03CreatedAndUsedFetchRequest_OSX_ObjCTests.m */ = {isa = PBXFileReference; lastKnownFileType = sourcecode.c.objc; path = _03CreatedAndUsedFetchRequest_OSX_ObjCTests.m; sourceTree = "<group>"; };
		1E95B3D01B34A3D90001E69E /* Course.h */ = {isa = PBXFileReference; fileEncoding = 4; lastKnownFileType = sourcecode.c.h; path = Course.h; sourceTree = "<group>"; };
		1E95B3D11B34A3D90001E69E /* Course.m */ = {isa = PBXFileReference; fileEncoding = 4; lastKnownFileType = sourcecode.c.objc; path = Course.m; sourceTree = "<group>"; };
/* End PBXFileReference section */

/* Begin PBXFrameworksBuildPhase section */
		1E95B3A11B34A20E0001E69E /* Frameworks */ = {
			isa = PBXFrameworksBuildPhase;
			buildActionMask = 2147483647;
			files = (
			);
			runOnlyForDeploymentPostprocessing = 0;
		};
		1E95B3BA1B34A20F0001E69E /* Frameworks */ = {
			isa = PBXFrameworksBuildPhase;
			buildActionMask = 2147483647;
			files = (
			);
			runOnlyForDeploymentPostprocessing = 0;
		};
/* End PBXFrameworksBuildPhase section */

/* Begin PBXGroup section */
		1E95B39B1B34A20E0001E69E = {
			isa = PBXGroup;
			children = (
				1E95B3A61B34A20E0001E69E /* 003CreatedAndUsedFetchRequest_OSX_ObjC */,
				1E95B3C01B34A20F0001E69E /* 003CreatedAndUsedFetchRequest_OSX_ObjCTests */,
				1E95B3A51B34A20E0001E69E /* Products */,
			);
			sourceTree = "<group>";
		};
		1E95B3A51B34A20E0001E69E /* Products */ = {
			isa = PBXGroup;
			children = (
				1E95B3A41B34A20E0001E69E /* 003CreatedAndUsedFetchRequest_OSX_ObjC.app */,
				1E95B3BD1B34A20F0001E69E /* 003CreatedAndUsedFetchRequest_OSX_ObjCTests.xctest */,
			);
			name = Products;
			sourceTree = "<group>";
		};
		1E95B3A61B34A20E0001E69E /* 003CreatedAndUsedFetchRequest_OSX_ObjC */ = {
			isa = PBXGroup;
			children = (
				1E95B3D01B34A3D90001E69E /* Course.h */,
				1E95B3D11B34A3D90001E69E /* Course.m */,
				1E95B3A91B34A20E0001E69E /* AppDelegate.h */,
				1E95B3AA1B34A20E0001E69E /* AppDelegate.m */,
				1E95B3AE1B34A20E0001E69E /* ViewController.h */,
				1E95B3AF1B34A20E0001E69E /* ViewController.m */,
				1E95B3B41B34A20E0001E69E /* Images.xcassets */,
				1E95B3B61B34A20E0001E69E /* Main.storyboard */,
				1E95B3B11B34A20E0001E69E /* _03CreatedAndUsedFetchRequest_OSX_ObjC.xcdatamodeld */,
				1E95B3A71B34A20E0001E69E /* Supporting Files */,
			);
			path = 003CreatedAndUsedFetchRequest_OSX_ObjC;
			sourceTree = "<group>";
		};
		1E95B3A71B34A20E0001E69E /* Supporting Files */ = {
			isa = PBXGroup;
			children = (
				1E95B3A81B34A20E0001E69E /* Info.plist */,
				1E95B3AC1B34A20E0001E69E /* main.m */,
			);
			name = "Supporting Files";
			sourceTree = "<group>";
		};
		1E95B3C01B34A20F0001E69E /* 003CreatedAndUsedFetchRequest_OSX_ObjCTests */ = {
			isa = PBXGroup;
			children = (
				1E95B3C31B34A20F0001E69E /* _03CreatedAndUsedFetchRequest_OSX_ObjCTests.m */,
				1E95B3C11B34A20F0001E69E /* Supporting Files */,
			);
			path = 003CreatedAndUsedFetchRequest_OSX_ObjCTests;
			sourceTree = "<group>";
		};
		1E95B3C11B34A20F0001E69E /* Supporting Files */ = {
			isa = PBXGroup;
			children = (
				1E95B3C21B34A20F0001E69E /* Info.plist */,
			);
			name = "Supporting Files";
			sourceTree = "<group>";
		};
/* End PBXGroup section */

/* Begin PBXNativeTarget section */
		1E95B3A31B34A20E0001E69E /* 003CreatedAndUsedFetchRequest_OSX_ObjC */ = {
			isa = PBXNativeTarget;
			buildConfigurationList = 1E95B3C71B34A20F0001E69E /* Build configuration list for PBXNativeTarget "003CreatedAndUsedFetchRequest_OSX_ObjC" */;
			buildPhases = (
				1E95B3A01B34A20E0001E69E /* Sources */,
				1E95B3A11B34A20E0001E69E /* Frameworks */,
				1E95B3A21B34A20E0001E69E /* Resources */,
			);
			buildRules = (
			);
			dependencies = (
			);
			name = 003CreatedAndUsedFetchRequest_OSX_ObjC;
			productName = 003CreatedAndUsedFetchRequest_OSX_ObjC;
			productReference = 1E95B3A41B34A20E0001E69E /* 003CreatedAndUsedFetchRequest_OSX_ObjC.app */;
			productType = "com.apple.product-type.application";
		};
		1E95B3BC1B34A20F0001E69E /* 003CreatedAndUsedFetchRequest_OSX_ObjCTests */ = {
			isa = PBXNativeTarget;
			buildConfigurationList = 1E95B3CA1B34A20F0001E69E /* Build configuration list for PBXNativeTarget "003CreatedAndUsedFetchRequest_OSX_ObjCTests" */;
			buildPhases = (
				1E95B3B91B34A20F0001E69E /* Sources */,
				1E95B3BA1B34A20F0001E69E /* Frameworks */,
				1E95B3BB1B34A20F0001E69E /* Resources */,
			);
			buildRules = (
			);
			dependencies = (
				1E95B3BF1B34A20F0001E69E /* PBXTargetDependency */,
			);
			name = 003CreatedAndUsedFetchRequest_OSX_ObjCTests;
			productName = 003CreatedAndUsedFetchRequest_OSX_ObjCTests;
			productReference = 1E95B3BD1B34A20F0001E69E /* 003CreatedAndUsedFetchRequest_OSX_ObjCTests.xctest */;
			productType = "com.apple.product-type.bundle.unit-test";
		};
/* End PBXNativeTarget section */

/* Begin PBXProject section */
		1E95B39C1B34A20E0001E69E /* Project object */ = {
			isa = PBXProject;
			attributes = {
				LastUpgradeCheck = 0630;
				ORGANIZATIONNAME = Apps4s;
				TargetAttributes = {
					1E95B3A31B34A20E0001E69E = {
						CreatedOnToolsVersion = 6.3.2;
					};
					1E95B3BC1B34A20F0001E69E = {
						CreatedOnToolsVersion = 6.3.2;
						TestTargetID = 1E95B3A31B34A20E0001E69E;
					};
				};
			};
			buildConfigurationList = 1E95B39F1B34A20E0001E69E /* Build configuration list for PBXProject "003CreatedAndUsedFetchRequest_OSX_ObjC" */;
			compatibilityVersion = "Xcode 3.2";
			developmentRegion = English;
			hasScannedForEncodings = 0;
			knownRegions = (
				en,
				Base,
			);
			mainGroup = 1E95B39B1B34A20E0001E69E;
			productRefGroup = 1E95B3A51B34A20E0001E69E /* Products */;
			projectDirPath = "";
			projectRoot = "";
			targets = (
				1E95B3A31B34A20E0001E69E /* 003CreatedAndUsedFetchRequest_OSX_ObjC */,
				1E95B3BC1B34A20F0001E69E /* 003CreatedAndUsedFetchRequest_OSX_ObjCTests */,
			);
		};
/* End PBXProject section */

/* Begin PBXResourcesBuildPhase section */
		1E95B3A21B34A20E0001E69E /* Resources */ = {
			isa = PBXResourcesBuildPhase;
			buildActionMask = 2147483647;
			files = (
				1E95B3B51B34A20E0001E69E /* Images.xcassets in Resources */,
				1E95B3B81B34A20E0001E69E /* Main.storyboard in Resources */,
			);
			runOnlyForDeploymentPostprocessing = 0;
		};
		1E95B3BB1B34A20F0001E69E /* Resources */ = {
			isa = PBXResourcesBuildPhase;
			buildActionMask = 2147483647;
			files = (
			);
			runOnlyForDeploymentPostprocessing = 0;
		};
/* End PBXResourcesBuildPhase section */

/* Begin PBXSourcesBuildPhase section */
		1E95B3A01B34A20E0001E69E /* Sources */ = {
			isa = PBXSourcesBuildPhase;
			buildActionMask = 2147483647;
			files = (
				1E95B3B01B34A20E0001E69E /* ViewController.m in Sources */,
				1E95B3AD1B34A20E0001E69E /* main.m in Sources */,
				1E95B3B31B34A20E0001E69E /* _03CreatedAndUsedFetchRequest_OSX_ObjC.xcdatamodeld in Sources */,
				1E95B3AB1B34A20E0001E69E /* AppDelegate.m in Sources */,
				1E95B3D21B34A3D90001E69E /* Course.m in Sources */,
			);
			runOnlyForDeploymentPostprocessing = 0;
		};
		1E95B3B91B34A20F0001E69E /* Sources */ = {
			isa = PBXSourcesBuildPhase;
			buildActionMask = 2147483647;
			files = (
				1E95B3C41B34A20F0001E69E /* _03CreatedAndUsedFetchRequest_OSX_ObjCTests.m in Sources */,
			);
			runOnlyForDeploymentPostprocessing = 0;
		};
/* End PBXSourcesBuildPhase section */

/* Begin PBXTargetDependency section */
		1E95B3BF1B34A20F0001E69E /* PBXTargetDependency */ = {
			isa = PBXTargetDependency;
			target = 1E95B3A31B34A20E0001E69E /* 003CreatedAndUsedFetchRequest_OSX_ObjC */;
			targetProxy = 1E95B3BE1B34A20F0001E69E /* PBXContainerItemProxy */;
		};
/* End PBXTargetDependency section */

/* Begin PBXVariantGroup section */
		1E95B3B61B34A20E0001E69E /* Main.storyboard */ = {
			isa = PBXVariantGroup;
			children = (
				1E95B3B71B34A20E0001E69E /* Base */,
			);
			name = Main.storyboard;
			sourceTree = "<group>";
		};
/* End PBXVariantGroup section */

/* Begin XCBuildConfiguration section */
		1E95B3C51B34A20F0001E69E /* Debug */ = {
			isa = XCBuildConfiguration;
			buildSettings = {
				ALWAYS_SEARCH_USER_PATHS = NO;
				CLANG_CXX_LANGUAGE_STANDARD = "gnu++0x";
				CLANG_CXX_LIBRARY = "libc++";
				CLANG_ENABLE_MODULES = YES;
				CLANG_ENABLE_OBJC_ARC = YES;
				CLANG_WARN_BOOL_CONVERSION = YES;
				CLANG_WARN_CONSTANT_CONVERSION = YES;
				CLANG_WARN_DIRECT_OBJC_ISA_USAGE = YES_ERROR;
				CLANG_WARN_EMPTY_BODY = YES;
				CLANG_WARN_ENUM_CONVERSION = YES;
				CLANG_WARN_INT_CONVERSION = YES;
				CLANG_WARN_OBJC_ROOT_CLASS = YES_ERROR;
				CLANG_WARN_UNREACHABLE_CODE = YES;
				CLANG_WARN__DUPLICATE_METHOD_MATCH = YES;
				CODE_SIGN_IDENTITY = "-";
				COPY_PHASE_STRIP = NO;
				DEBUG_INFORMATION_FORMAT = dwarf;
				ENABLE_STRICT_OBJC_MSGSEND = YES;
				GCC_C_LANGUAGE_STANDARD = gnu99;
				GCC_DYNAMIC_NO_PIC = NO;
				GCC_NO_COMMON_BLOCKS = YES;
				GCC_OPTIMIZATION_LEVEL = 0;
				GCC_PREPROCESSOR_DEFINITIONS = (
					"DEBUG=1",
					"$(inherited)",
				);
				GCC_SYMBOLS_PRIVATE_EXTERN = NO;
				GCC_WARN_64_TO_32_BIT_CONVERSION = YES;
				GCC_WARN_ABOUT_RETURN_TYPE = YES_ERROR;
				GCC_WARN_UNDECLARED_SELECTOR = YES;
				GCC_WARN_UNINITIALIZED_AUTOS = YES_AGGRESSIVE;
				GCC_WARN_UNUSED_FUNCTION = YES;
				GCC_WARN_UNUSED_VARIABLE = YES;
				MACOSX_DEPLOYMENT_TARGET = 10.11;
				MTL_ENABLE_DEBUG_INFO = YES;
				ONLY_ACTIVE_ARCH = YES;
				SDKROOT = macosx;
			};
			name = Debug;
		};
		1E95B3C61B34A20F0001E69E /* Release */ = {
			isa = XCBuildConfiguration;
			buildSettings = {
				ALWAYS_SEARCH_USER_PATHS = NO;
				CLANG_CXX_LANGUAGE_STANDARD = "gnu++0x";
				CLANG_CXX_LIBRARY = "libc++";
				CLANG_ENABLE_MODULES = YES;
				CLANG_ENABLE_OBJC_ARC = YES;
				CLANG_WARN_BOOL_CONVERSION = YES;
				CLANG_WARN_CONSTANT_CONVERSION = YES;
				CLANG_WARN_DIRECT_OBJC_ISA_USAGE = YES_ERROR;
				CLANG_WARN_EMPTY_BODY = YES;
				CLANG_WARN_ENUM_CONVERSION = YES;
				CLANG_WARN_INT_CONVERSION = YES;
				CLANG_WARN_OBJC_ROOT_CLASS = YES_ERROR;
				CLANG_WARN_UNREACHABLE_CODE = YES;
				CLANG_WARN__DUPLICATE_METHOD_MATCH = YES;
				CODE_SIGN_IDENTITY = "-";
				COPY_PHASE_STRIP = NO;
				DEBUG_INFORMATION_FORMAT = "dwarf-with-dsym";
				ENABLE_NS_ASSERTIONS = NO;
				ENABLE_STRICT_OBJC_MSGSEND = YES;
				GCC_C_LANGUAGE_STANDARD = gnu99;
				GCC_NO_COMMON_BLOCKS = YES;
				GCC_WARN_64_TO_32_BIT_CONVERSION = YES;
				GCC_WARN_ABOUT_RETURN_TYPE = YES_ERROR;
				GCC_WARN_UNDECLARED_SELECTOR = YES;
				GCC_WARN_UNINITIALIZED_AUTOS = YES_AGGRESSIVE;
				GCC_WARN_UNUSED_FUNCTION = YES;
				GCC_WARN_UNUSED_VARIABLE = YES;
				MACOSX_DEPLOYMENT_TARGET = 10.11;
				MTL_ENABLE_DEBUG_INFO = NO;
				SDKROOT = macosx;
			};
			name = Release;
		};
		1E95B3C81B34A20F0001E69E /* Debug */ = {
			isa = XCBuildConfiguration;
			buildSettings = {
				ASSETCATALOG_COMPILER_APPICON_NAME = AppIcon;
				COMBINE_HIDPI_IMAGES = YES;
				INFOPLIST_FILE = 003CreatedAndUsedFetchRequest_OSX_ObjC/Info.plist;
				LD_RUNPATH_SEARCH_PATHS = "$(inherited) @executable_path/../Frameworks";
				PRODUCT_NAME = "$(TARGET_NAME)";
			};
			name = Debug;
		};
		1E95B3C91B34A20F0001E69E /* Release */ = {
			isa = XCBuildConfiguration;
			buildSettings = {
				ASSETCATALOG_COMPILER_APPICON_NAME = AppIcon;
				COMBINE_HIDPI_IMAGES = YES;
				INFOPLIST_FILE = 003CreatedAndUsedFetchRequest_OSX_ObjC/Info.plist;
				LD_RUNPATH_SEARCH_PATHS = "$(inherited) @executable_path/../Frameworks";
				PRODUCT_NAME = "$(TARGET_NAME)";
			};
			name = Release;
		};
		1E95B3CB1B34A20F0001E69E /* Debug */ = {
			isa = XCBuildConfiguration;
			buildSettings = {
				BUNDLE_LOADER = "$(TEST_HOST)";
				COMBINE_HIDPI_IMAGES = YES;
				FRAMEWORK_SEARCH_PATHS = (
					"$(DEVELOPER_FRAMEWORKS_DIR)",
					"$(inherited)",
				);
				GCC_PREPROCESSOR_DEFINITIONS = (
					"DEBUG=1",
					"$(inherited)",
				);
				INFOPLIST_FILE = 003CreatedAndUsedFetchRequest_OSX_ObjCTests/Info.plist;
				LD_RUNPATH_SEARCH_PATHS = "$(inherited) @executable_path/../Frameworks @loader_path/../Frameworks";
				PRODUCT_NAME = "$(TARGET_NAME)";
				TEST_HOST = "$(BUILT_PRODUCTS_DIR)/003CreatedAndUsedFetchRequest_OSX_ObjC.app/Contents/MacOS/003CreatedAndUsedFetchRequest_OSX_ObjC";
			};
			name = Debug;
		};
		1E95B3CC1B34A20F0001E69E /* Release */ = {
			isa = XCBuildConfiguration;
			buildSettings = {
				BUNDLE_LOADER = "$(TEST_HOST)";
				COMBINE_HIDPI_IMAGES = YES;
				FRAMEWORK_SEARCH_PATHS = (
					"$(DEVELOPER_FRAMEWORKS_DIR)",
					"$(inherited)",
				);
				INFOPLIST_FILE = 003CreatedAndUsedFetchRequest_OSX_ObjCTests/Info.plist;
				LD_RUNPATH_SEARCH_PATHS = "$(inherited) @executable_path/../Frameworks @loader_path/../Frameworks";
				PRODUCT_NAME = "$(TARGET_NAME)";
				TEST_HOST = "$(BUILT_PRODUCTS_DIR)/003CreatedAndUsedFetchRequest_OSX_ObjC.app/Contents/MacOS/003CreatedAndUsedFetchRequest_OSX_ObjC";
			};
			name = Release;
		};
/* End XCBuildConfiguration section */

/* Begin XCConfigurationList section */
		1E95B39F1B34A20E0001E69E /* Build configuration list for PBXProject "003CreatedAndUsedFetchRequest_OSX_ObjC" */ = {
			isa = XCConfigurationList;
			buildConfigurations = (
				1E95B3C51B34A20F0001E69E /* Debug */,
				1E95B3C61B34A20F0001E69E /* Release */,
			);
			defaultConfigurationIsVisible = 0;
			defaultConfigurationName = Release;
		};
		1E95B3C71B34A20F0001E69E /* Build configuration list for PBXNativeTarget "003CreatedAndUsedFetchRequest_OSX_ObjC" */ = {
			isa = XCConfigurationList;
			buildConfigurations = (
				1E95B3C81B34A20F0001E69E /* Debug */,
				1E95B3C91B34A20F0001E69E /* Release */,
			);
			defaultConfigurationIsVisible = 0;
		};
		1E95B3CA1B34A20F0001E69E /* Build configuration list for PBXNativeTarget "003CreatedAndUsedFetchRequest_OSX_ObjCTests" */ = {
			isa = XCConfigurationList;
			buildConfigurations = (
				1E95B3CB1B34A20F0001E69E /* Debug */,
				1E95B3CC1B34A20F0001E69E /* Release */,
			);
			defaultConfigurationIsVisible = 0;
		};
/* End XCConfigurationList section */

/* Begin XCVersionGroup section */
		1E95B3B11B34A20E0001E69E /* _03CreatedAndUsedFetchRequest_OSX_ObjC.xcdatamodeld */ = {
			isa = XCVersionGroup;
			children = (
				1E95B3B21B34A20E0001E69E /* _03CreatedAndUsedFetchRequest_OSX_ObjC.xcdatamodel */,
			);
			currentVersion = 1E95B3B21B34A20E0001E69E /* _03CreatedAndUsedFetchRequest_OSX_ObjC.xcdatamodel */;
			path = _03CreatedAndUsedFetchRequest_OSX_ObjC.xcdatamodeld;
			sourceTree = "<group>";
			versionGroupType = wrapper.xcdatamodel;
		};
/* End XCVersionGroup section */
	};
	rootObject = 1E95B39C1B34A20E0001E69E /* Project object */;
}
